
Microsoft Visual Studio Solution File, Format Version 12.00
# Visual Studio Version 16
VisualStudioVersion = 16.0.31605.320
MinimumVisualStudioVersion = 10.0.40219.1
Project("{FAE04EC0-301F-11D3-BF4B-00C04F79EFBC}") = "FrameNavigation", "FrameNavigation\FrameNavigation.csproj", "{F715400D-7857-4B87-A43C-FB5A86C49911}"
EndProject
Global
	GlobalSection(SolutionConfigurationPlatforms) = preSolution
		Debug|Any CPU = Debug|Any CPU
		Release|Any CPU = Release|Any CPU
	EndGlobalSection
	GlobalSection(ProjectConfigurationPlatforms) = postSolution
		{F715400D-7857-4B87-A43C-FB5A86C49911}.Debug|Any CPU.ActiveCfg = Debug|Any CPU
		{F715400D-7857-4B87-A43C-FB5A86C49911}.Debug|Any CPU.Build.0 = Debug|Any CPU
		{F715400D-7857-4B87-A43C-FB5A86C49911}.Release|Any CPU.ActiveCfg = Release|Any CPU
		{F715400D-7857-4B87-A43C-FB5A86C49911}.Release|Any CPU.Build.0 = Release|Any CPU
	EndGlobalSection
	GlobalSection(SolutionProperties) = preSolution
		HideSolutionNode = FALSE
	EndGlobalSection
	GlobalSection(ExtensibilityGlobals) = postSolution
		SolutionGuid = {24D907E0-0B21-4A42-BBE8-E3D3A32EFF06}
	EndGlobalSection
EndGlobal
